{
  "name": "hzp-test",
  "version": "1.0.0",
  "lockfileVersion": 1,
  "requires": true,
  "dependencies": {
    "hzp-test-lib": {
      "version": "1.0.1",
      "resolved": "https://registry.npmjs.org/hzp-test-lib/-/hzp-test-lib-1.0.1.tgz",
      "integrity": "sha512-kNo0bwaae4F5T/1F6VFDiD6NutEoXm/xdlcBM62l/EMICLQ1vHAPYtNhpyjgygt/a46xBQHVrAosxDpOuAZwUw=="
    }
  }
}
